// !$*UTF8*$!
{
	archiveVersion = 1;
	classes = {
	};
	objectVersion = 46;
	objects = {

/* Begin PBXBuildFile section */
		957D71381926AEE500FEB66D /* Foundation.framework in Frameworks */ = {isa = PBXBuildFile; fileRef = 957D71371926AEE500FEB66D /* Foundation.framework */; };
		957D713A1926AEE500FEB66D /* CoreGraphics.framework in Frameworks */ = {isa = PBXBuildFile; fileRef = 957D71391926AEE500FEB66D /* CoreGraphics.framework */; };
		957D713C1926AEE500FEB66D /* UIKit.framework in Frameworks */ = {isa = PBXBuildFile; fileRef = 957D713B1926AEE500FEB66D /* UIKit.framework */; };
		957D71421926AEE500FEB66D /* InfoPlist.strings in Resources */ = {isa = PBXBuildFile; fileRef = 957D71401926AEE500FEB66D /* InfoPlist.strings */; };
		957D71441926AEE500FEB66D /* main.m in Sources */ = {isa = PBXBuildFile; fileRef = 957D71431926AEE500FEB66D /* main.m */; };
		957D71481926AEE500FEB66D /* FWKAppDelegate.m in Sources */ = {isa = PBXBuildFile; fileRef = 957D71471926AEE500FEB66D /* FWKAppDelegate.m */; };
		957D714A1926AEE500FEB66D /* Images.xcassets in Resources */ = {isa = PBXBuildFile; fileRef = 957D71491926AEE500FEB66D /* Images.xcassets */; };
		957D71511926AEE500FEB66D /* XCTest.framework in Frameworks */ = {isa = PBXBuildFile; fileRef = 957D71501926AEE500FEB66D /* XCTest.framework */; };
		957D71521926AEE500FEB66D /* Foundation.framework in Frameworks */ = {isa = PBXBuildFile; fileRef = 957D71371926AEE500FEB66D /* Foundation.framework */; };
		957D71531926AEE500FEB66D /* UIKit.framework in Frameworks */ = {isa = PBXBuildFile; fileRef = 957D713B1926AEE500FEB66D /* UIKit.framework */; };
		957D715B1926AEE500FEB66D /* InfoPlist.strings in Resources */ = {isa = PBXBuildFile; fileRef = 957D71591926AEE500FEB66D /* InfoPlist.strings */; };
		957D715D1926AEE500FEB66D /* nickeltrackerTests.m in Sources */ = {isa = PBXBuildFile; fileRef = 957D715C1926AEE500FEB66D /* nickeltrackerTests.m */; };
/* End PBXBuildFile section */

/* Begin PBXContainerItemProxy section */
		957D71541926AEE500FEB66D /* PBXContainerItemProxy */ = {
			isa = PBXContainerItemProxy;
			containerPortal = 957D712C1926AEE500FEB66D /* Project object */;
			proxyType = 1;
			remoteGlobalIDString = 957D71331926AEE500FEB66D;
			remoteInfo = nickeltracker;
		};
/* End PBXContainerItemProxy section */

/* Begin PBXFileReference section */
		957D71341926AEE500FEB66D /* nickeltracker.app */ = {isa = PBXFileReference; explicitFileType = wrapper.application; includeInIndex = 0; path = nickeltracker.app; sourceTree = BUILT_PRODUCTS_DIR; };
		957D71371926AEE500FEB66D /* Foundation.framework */ = {isa = PBXFileReference; lastKnownFileType = wrapper.framework; name = Foundation.framework; path = System/Library/Frameworks/Foundation.framework; sourceTree = SDKROOT; };
		957D71391926AEE500FEB66D /* CoreGraphics.framework */ = {isa = PBXFileReference; lastKnownFileType = wrapper.framework; name = CoreGraphics.framework; path = System/Library/Frameworks/CoreGraphics.framework; sourceTree = SDKROOT; };
		957D713B1926AEE500FEB66D /* UIKit.framework */ = {isa = PBXFileReference; lastKnownFileType = wrapper.framework; name = UIKit.framework; path = System/Library/Frameworks/UIKit.framework; sourceTree = SDKROOT; };
		957D713F1926AEE500FEB66D /* nickeltracker-Info.plist */ = {isa = PBXFileReference; lastKnownFileType = text.plist.xml; path = "nickeltracker-Info.plist"; sourceTree = "<group>"; };
		957D71411926AEE500FEB66D /* en */ = {isa = PBXFileReference; lastKnownFileType = text.plist.strings; name = en; path = en.lproj/InfoPlist.strings; sourceTree = "<group>"; };
		957D71431926AEE500FEB66D /* main.m */ = {isa = PBXFileReference; lastKnownFileType = sourcecode.c.objc; path = main.m; sourceTree = "<group>"; };
		957D71451926AEE500FEB66D /* nickeltracker-Prefix.pch */ = {isa = PBXFileReference; lastKnownFileType = sourcecode.c.h; path = "nickeltracker-Prefix.pch"; sourceTree = "<group>"; };
		957D71461926AEE500FEB66D /* FWKAppDelegate.h */ = {isa = PBXFileReference; lastKnownFileType = sourcecode.c.h; path = FWKAppDelegate.h; sourceTree = "<group>"; };
		957D71471926AEE500FEB66D /* FWKAppDelegate.m */ = {isa = PBXFileReference; lastKnownFileType = sourcecode.c.objc; path = FWKAppDelegate.m; sourceTree = "<group>"; };
		957D71491926AEE500FEB66D /* Images.xcassets */ = {isa = PBXFileReference; lastKnownFileType = folder.assetcatalog; path = Images.xcassets; sourceTree = "<group>"; };
		957D714F1926AEE500FEB66D /* nickeltrackerTests.xctest */ = {isa = PBXFileReference; explicitFileType = wrapper.cfbundle; includeInIndex = 0; path = nickeltrackerTests.xctest; sourceTree = BUILT_PRODUCTS_DIR; };
		957D71501926AEE500FEB66D /* XCTest.framework */ = {isa = PBXFileReference; lastKnownFileType = wrapper.framework; name = XCTest.framework; path = Library/Frameworks/XCTest.framework; sourceTree = DEVELOPER_DIR; };
		957D71581926AEE500FEB66D /* nickeltrackerTests-Info.plist */ = {isa = PBXFileReference; lastKnownFileType = text.plist.xml; path = "nickeltrackerTests-Info.plist"; sourceTree = "<group>"; };
		957D715A1926AEE500FEB66D /* en */ = {isa = PBXFileReference; lastKnownFileType = text.plist.strings; name = en; path = en.lproj/InfoPlist.strings; sourceTree = "<group>"; };
		957D715C1926AEE500FEB66D /* nickeltrackerTests.m */ = {isa = PBXFileReference; lastKnownFileType = sourcecode.c.objc; path = nickeltrackerTests.m; sourceTree = "<group>"; };
/* End PBXFileReference section */

/* Begin PBXFrameworksBuildPhase section */
		957D71311926AEE500FEB66D /* Frameworks */ = {
			isa = PBXFrameworksBuildPhase;
			buildActionMask = 2147483647;
			files = (
				957D713A1926AEE500FEB66D /* CoreGraphics.framework in Frameworks */,
				957D713C1926AEE500FEB66D /* UIKit.framework in Frameworks */,
				957D71381926AEE500FEB66D /* Foundation.framework in Frameworks */,
			);
			runOnlyForDeploymentPostprocessing = 0;
		};
		957D714C1926AEE500FEB66D /* Frameworks */ = {
			isa = PBXFrameworksBuildPhase;
			buildActionMask = 2147483647;
			files = (
				957D71511926AEE500FEB66D /* XCTest.framework in Frameworks */,
				957D71531926AEE500FEB66D /* UIKit.framework in Frameworks */,
				957D71521926AEE500FEB66D /* Foundation.framework in Frameworks */,
			);
			runOnlyForDeploymentPostprocessing = 0;
		};
/* End PBXFrameworksBuildPhase section */

/* Begin PBXGroup section */
		957D712B1926AEE500FEB66D = {
			isa = PBXGroup;
			children = (
				957D713D1926AEE500FEB66D /* nickeltracker */,
				957D71561926AEE500FEB66D /* nickeltrackerTests */,
				957D71361926AEE500FEB66D /* Frameworks */,
				957D71351926AEE500FEB66D /* Products */,
			);
			sourceTree = "<group>";
		};
		957D71351926AEE500FEB66D /* Products */ = {
			isa = PBXGroup;
			children = (
				957D71341926AEE500FEB66D /* nickeltracker.app */,
				957D714F1926AEE500FEB66D /* nickeltrackerTests.xctest */,
			);
			name = Products;
			sourceTree = "<group>";
		};
		957D71361926AEE500FEB66D /* Frameworks */ = {
			isa = PBXGroup;
			children = (
				957D71371926AEE500FEB66D /* Foundation.framework */,
				957D71391926AEE500FEB66D /* CoreGraphics.framework */,
				957D713B1926AEE500FEB66D /* UIKit.framework */,
				957D71501926AEE500FEB66D /* XCTest.framework */,
			);
			name = Frameworks;
			sourceTree = "<group>";
		};
		957D713D1926AEE500FEB66D /* nickeltracker */ = {
			isa = PBXGroup;
			children = (
				957D71461926AEE500FEB66D /* FWKAppDelegate.h */,
				957D71471926AEE500FEB66D /* FWKAppDelegate.m */,
				957D71491926AEE500FEB66D /* Images.xcassets */,
				957D713E1926AEE500FEB66D /* Supporting Files */,
			);
			path = nickeltracker;
			sourceTree = "<group>";
		};
		957D713E1926AEE500FEB66D /* Supporting Files */ = {
			isa = PBXGroup;
			children = (
				957D713F1926AEE500FEB66D /* nickeltracker-Info.plist */,
				957D71401926AEE500FEB66D /* InfoPlist.strings */,
				957D71431926AEE500FEB66D /* main.m */,
				957D71451926AEE500FEB66D /* nickeltracker-Prefix.pch */,
			);
			name = "Supporting Files";
			sourceTree = "<group>";
		};
		957D71561926AEE500FEB66D /* nickeltrackerTests */ = {
			isa = PBXGroup;
			children = (
				957D715C1926AEE500FEB66D /* nickeltrackerTests.m */,
				957D71571926AEE500FEB66D /* Supporting Files */,
			);
			path = nickeltrackerTests;
			sourceTree = "<group>";
		};
		957D71571926AEE500FEB66D /* Supporting Files */ = {
			isa = PBXGroup;
			children = (
				957D71581926AEE500FEB66D /* nickeltrackerTests-Info.plist */,
				957D71591926AEE500FEB66D /* InfoPlist.strings */,
			);
			name = "Supporting Files";
			sourceTree = "<group>";
		};
/* End PBXGroup section */

/* Begin PBXNativeTarget section */
		957D71331926AEE500FEB66D /* nickeltracker */ = {
			isa = PBXNativeTarget;
			buildConfigurationList = 957D71601926AEE500FEB66D /* Build configuration list for PBXNativeTarget "nickeltracker" */;
			buildPhases = (
				957D71301926AEE500FEB66D /* Sources */,
				957D71311926AEE500FEB66D /* Frameworks */,
				957D71321926AEE500FEB66D /* Resources */,
			);
			buildRules = (
			);
			dependencies = (
			);
			name = nickeltracker;
			productName = nickeltracker;
			productReference = 957D71341926AEE500FEB66D /* nickeltracker.app */;
			productType = "com.apple.product-type.application";
		};
		957D714E1926AEE500FEB66D /* nickeltrackerTests */ = {
			isa = PBXNativeTarget;
			buildConfigurationList = 957D71631926AEE500FEB66D /* Build configuration list for PBXNativeTarget "nickeltrackerTests" */;
			buildPhases = (
				957D714B1926AEE500FEB66D /* Sources */,
				957D714C1926AEE500FEB66D /* Frameworks */,
				957D714D1926AEE500FEB66D /* Resources */,
			);
			buildRules = (
			);
			dependencies = (
				957D71551926AEE500FEB66D /* PBXTargetDependency */,
			);
			name = nickeltrackerTests;
			productName = nickeltrackerTests;
			productReference = 957D714F1926AEE500FEB66D /* nickeltrackerTests.xctest */;
			productType = "com.apple.product-type.bundle.unit-test";
		};
/* End PBXNativeTarget section */

/* Begin PBXProject section */
		957D712C1926AEE500FEB66D /* Project object */ = {
			isa = PBXProject;
			attributes = {
				CLASSPREFIX = FWK;
				LastUpgradeCheck = 0510;
				ORGANIZATIONNAME = FuentesWorks;
				TargetAttributes = {
					957D714E1926AEE500FEB66D = {
						TestTargetID = 957D71331926AEE500FEB66D;
					};
				};
			};
			buildConfigurationList = 957D712F1926AEE500FEB66D /* Build configuration list for PBXProject "nickeltracker" */;
			compatibilityVersion = "Xcode 3.2";
			developmentRegion = English;
			hasScannedForEncodings = 0;
			knownRegions = (
				en,
			);
			mainGroup = 957D712B1926AEE500FEB66D;
			productRefGroup = 957D71351926AEE500FEB66D /* Products */;
			projectDirPath = "";
			projectRoot = "";
			targets = (
				957D71331926AEE500FEB66D /* nickeltracker */,
				957D714E1926AEE500FEB66D /* nickeltrackerTests */,
			);
		};
/* End PBXProject section */

/* Begin PBXResourcesBuildPhase section */
		957D71321926AEE500FEB66D /* Resources */ = {
			isa = PBXResourcesBuildPhase;
			buildActionMask = 2147483647;
			files = (
				957D71421926AEE500FEB66D /* InfoPlist.strings in Resources */,
				957D714A1926AEE500FEB66D /* Images.xcassets in Resources */,
			);
			runOnlyForDeploymentPostprocessing = 0;
		};
		957D714D1926AEE500FEB66D /* Resources */ = {
			isa = PBXResourcesBuildPhase;
			buildActionMask = 2147483647;
			files = (
				957D715B1926AEE500FEB66D /* InfoPlist.strings in Resources */,
			);
			runOnlyForDeploymentPostprocessing = 0;
		};
/* End PBXResourcesBuildPhase section */

/* Begin PBXSourcesBuildPhase section */
		957D71301926AEE500FEB66D /* Sources */ = {
			isa = PBXSourcesBuildPhase;
			buildActionMask = 2147483647;
			files = (
				957D71441926AEE500FEB66D /* main.m in Sources */,
				957D71481926AEE500FEB66D /* FWKAppDelegate.m in Sources */,
			);
			runOnlyForDeploymentPostprocessing = 0;
		};
		957D714B1926AEE500FEB66D /* Sources */ = {
			isa = PBXSourcesBuildPhase;
			buildActionMask = 2147483647;
			files = (
				957D715D1926AEE500FEB66D /* nickeltrackerTests.m in Sources */,
			);
			runOnlyForDeploymentPostprocessing = 0;
		};
/* End PBXSourcesBuildPhase section */

/* Begin PBXTargetDependency section */
		957D71551926AEE500FEB66D /* PBXTargetDependency */ = {
			isa = PBXTargetDependency;
			target = 957D71331926AEE500FEB66D /* nickeltracker */;
			targetProxy = 957D71541926AEE500FEB66D /* PBXContainerItemProxy */;
		};
/* End PBXTargetDependency section */

/* Begin PBXVariantGroup section */
		957D71401926AEE500FEB66D /* InfoPlist.strings */ = {
			isa = PBXVariantGroup;
			children = (
				957D71411926AEE500FEB66D /* en */,
			);
			name = InfoPlist.strings;
			sourceTree = "<group>";
		};
		957D71591926AEE500FEB66D /* InfoPlist.strings */ = {
			isa = PBXVariantGroup;
			children = (
				957D715A1926AEE500FEB66D /* en */,
			);
			name = InfoPlist.strings;
			sourceTree = "<group>";
		};
/* End PBXVariantGroup section */

/* Begin XCBuildConfiguration section */
		957D715E1926AEE500FEB66D /* Debug */ = {
			isa = XCBuildConfiguration;
			buildSettings = {
				ALWAYS_SEARCH_USER_PATHS = NO;
				CLANG_CXX_LANGUAGE_STANDARD = "gnu++0x";
				CLANG_CXX_LIBRARY = "libc++";
				CLANG_ENABLE_MODULES = YES;
				CLANG_ENABLE_OBJC_ARC = YES;
				CLANG_WARN_BOOL_CONVERSION = YES;
				CLANG_WARN_CONSTANT_CONVERSION = YES;
				CLANG_WARN_DIRECT_OBJC_ISA_USAGE = YES_ERROR;
				CLANG_WARN_EMPTY_BODY = YES;
				CLANG_WARN_ENUM_CONVERSION = YES;
				CLANG_WARN_INT_CONVERSION = YES;
				CLANG_WARN_OBJC_ROOT_CLASS = YES_ERROR;
				CLANG_WARN__DUPLICATE_METHOD_MATCH = YES;
				"CODE_SIGN_IDENTITY[sdk=iphoneos*]" = "iPhone Developer";
				COPY_PHASE_STRIP = NO;
				GCC_C_LANGUAGE_STANDARD = gnu99;
				GCC_DYNAMIC_NO_PIC = NO;
				GCC_OPTIMIZATION_LEVEL = 0;
				GCC_PREPROCESSOR_DEFINITIONS = (
					"DEBUG=1",
					"$(inherited)",
				);
				GCC_SYMBOLS_PRIVATE_EXTERN = NO;
				GCC_WARN_64_TO_32_BIT_CONVERSION = YES;
				GCC_WARN_ABOUT_RETURN_TYPE = YES_ERROR;
				GCC_WARN_UNDECLARED_SELECTOR = YES;
				GCC_WARN_UNINITIALIZED_AUTOS = YES_AGGRESSIVE;
				GCC_WARN_UNUSED_FUNCTION = YES;
				GCC_WARN_UNUSED_VARIABLE = YES;
				IPHONEOS_DEPLOYMENT_TARGET = 7.1;
				ONLY_ACTIVE_ARCH = YES;
				SDKROOT = iphoneos;
			};
			name = Debug;
		};
		957D715F1926AEE500FEB66D /* Release */ = {
			isa = XCBuildConfiguration;
			buildSettings = {
				ALWAYS_SEARCH_USER_PATHS = NO;
				CLANG_CXX_LANGUAGE_STANDARD = "gnu++0x";
				CLANG_CXX_LIBRARY = "libc++";
				CLANG_ENABLE_MODULES = YES;
				CLANG_ENABLE_OBJC_ARC = YES;
				CLANG_WARN_BOOL_CONVERSION = YES;
				CLANG_WARN_CONSTANT_CONVERSION = YES;
				CLANG_WARN_DIRECT_OBJC_ISA_USAGE = YES_ERROR;
				CLANG_WARN_EMPTY_BODY = YES;
				CLANG_WARN_ENUM_CONVERSION = YES;
				CLANG_WARN_INT_CONVERSION = YES;
				CLANG_WARN_OBJC_ROOT_CLASS = YES_ERROR;
				CLANG_WARN__DUPLICATE_METHOD_MATCH = YES;
				"CODE_SIGN_IDENTITY[sdk=iphoneos*]" = "iPhone Developer";
				COPY_PHASE_STRIP = YES;
				ENABLE_NS_ASSERTIONS = NO;
				GCC_C_LANGUAGE_STANDARD = gnu99;
				GCC_WARN_64_TO_32_BIT_CONVERSION = YES;
				GCC_WARN_ABOUT_RETURN_TYPE = YES_ERROR;
				GCC_WARN_UNDECLARED_SELECTOR = YES;
				GCC_WARN_UNINITIALIZED_AUTOS = YES_AGGRESSIVE;
				GCC_WARN_UNUSED_FUNCTION = YES;
				GCC_WARN_UNUSED_VARIABLE = YES;
				IPHONEOS_DEPLOYMENT_TARGET = 7.1;
				SDKROOT = iphoneos;
				VALIDATE_PRODUCT = YES;
			};
			name = Release;
		};
		957D71611926AEE500FEB66D /* Debug */ = {
			isa = XCBuildConfiguration;
			buildSettings = {
				ASSETCATALOG_COMPILER_APPICON_NAME = AppIcon;
				ASSETCATALOG_COMPILER_LAUNCHIMAGE_NAME = LaunchImage;
				GCC_PRECOMPILE_PREFIX_HEADER = YES;
				GCC_PREFIX_HEADER = "nickeltracker/nickeltracker-Prefix.pch";
				INFOPLIST_FILE = "nickeltracker/nickeltracker-Info.plist";
				PRODUCT_NAME = "$(TARGET_NAME)";
				WRAPPER_EXTENSION = app;
			};
			name = Debug;
		};
		957D71621926AEE500FEB66D /* Release */ = {
			isa = XCBuildConfiguration;
			buildSettings = {
				ASSETCATALOG_COMPILER_APPICON_NAME = AppIcon;
				ASSETCATALOG_COMPILER_LAUNCHIMAGE_NAME = LaunchImage;
				GCC_PRECOMPILE_PREFIX_HEADER = YES;
				GCC_PREFIX_HEADER = "nickeltracker/nickeltracker-Prefix.pch";
				INFOPLIST_FILE = "nickeltracker/nickeltracker-Info.plist";
				PRODUCT_NAME = "$(TARGET_NAME)";
				WRAPPER_EXTENSION = app;
			};
			name = Release;
		};
		957D71641926AEE500FEB66D /* Debug */ = {
			isa = XCBuildConfiguration;
			buildSettings = {
				BUNDLE_LOADER = "$(BUILT_PRODUCTS_DIR)/nickeltracker.app/nickeltracker";
				FRAMEWORK_SEARCH_PATHS = (
					"$(SDKROOT)/Developer/Library/Frameworks",
					"$(inherited)",
					"$(DEVELOPER_FRAMEWORKS_DIR)",
				);
				GCC_PRECOMPILE_PREFIX_HEADER = YES;
				GCC_PREFIX_HEADER = "nickeltracker/nickeltracker-Prefix.pch";
				GCC_PREPROCESSOR_DEFINITIONS = (
					"DEBUG=1",
					"$(inherited)",
				);
				INFOPLIST_FILE = "nickeltrackerTests/nickeltrackerTests-Info.plist";
				PRODUCT_NAME = "$(TARGET_NAME)";
				TEST_HOST = "$(BUNDLE_LOADER)";
				WRAPPER_EXTENSION = xctest;
			};
			name = Debug;
		};
		957D71651926AEE500FEB66D /* Release */ = {
			isa = XCBuildConfiguration;
			buildSettings = {
				BUNDLE_LOADER = "$(BUILT_PRODUCTS_DIR)/nickeltracker.app/nickeltracker";
				FRAMEWORK_SEARCH_PATHS = (
					"$(SDKROOT)/Developer/Library/Frameworks",
					"$(inherited)",
					"$(DEVELOPER_FRAMEWORKS_DIR)",
				);
				GCC_PRECOMPILE_PREFIX_HEADER = YES;
				GCC_PREFIX_HEADER = "nickeltracker/nickeltracker-Prefix.pch";
				INFOPLIST_FILE = "nickeltrackerTests/nickeltrackerTests-Info.plist";
				PRODUCT_NAME = "$(TARGET_NAME)";
				TEST_HOST = "$(BUNDLE_LOADER)";
				WRAPPER_EXTENSION = xctest;
			};
			name = Release;
		};
/* End XCBuildConfiguration section */

/* Begin XCConfigurationList section */
		957D712F1926AEE500FEB66D /* Build configuration list for PBXProject "nickeltracker" */ = {
			isa = XCConfigurationList;
			buildConfigurations = (
				957D715E1926AEE500FEB66D /* Debug */,
				957D715F1926AEE500FEB66D /* Release */,
			);
			defaultConfigurationIsVisible = 0;
			defaultConfigurationName = Release;
		};
		957D71601926AEE500FEB66D /* Build configuration list for PBXNativeTarget "nickeltracker" */ = {
			isa = XCConfigurationList;
			buildConfigurations = (
				957D71611926AEE500FEB66D /* Debug */,
				957D71621926AEE500FEB66D /* Release */,
			);
			defaultConfigurationIsVisible = 0;
		};
		957D71631926AEE500FEB66D /* Build configuration list for PBXNativeTarget "nickeltrackerTests" */ = {
			isa = XCConfigurationList;
			buildConfigurations = (
				957D71641926AEE500FEB66D /* Debug */,
				957D71651926AEE500FEB66D /* Release */,
			);
			defaultConfigurationIsVisible = 0;
		};
/* End XCConfigurationList section */
	};
	rootObject = 957D712C1926AEE500FEB66D /* Project object */;
}
